
Microsoft Visual Studio Solution File, Format Version 12.00
# Visual Studio 15
VisualStudioVersion = 15.0.27130.2020
MinimumVisualStudioVersion = 10.0.40219.1
Project("{FAE04EC0-301F-11D3-BF4B-00C04F79EFBC}") = "InfiniteAsyncSourceODataSample", "InfiniteAsyncSourceODataSample.csproj", "{01BCC4C6-69AE-4400-997F-1C285F47097A}"
EndProject
Global
	GlobalSection(SolutionConfigurationPlatforms) = preSolution
		Debug|Any CPU = Debug|Any CPU
		Release|Any CPU = Release|Any CPU
	EndGlobalSection
	GlobalSection(ProjectConfigurationPlatforms) = postSolution
		{01BCC4C6-69AE-4400-997F-1C285F47097A}.Debug|Any CPU.ActiveCfg = Debug|Any CPU
		{01BCC4C6-69AE-4400-997F-1C285F47097A}.Debug|Any CPU.Build.0 = Debug|Any CPU
		{01BCC4C6-69AE-4400-997F-1C285F47097A}.Release|Any CPU.ActiveCfg = Release|Any CPU
		{01BCC4C6-69AE-4400-997F-1C285F47097A}.Release|Any CPU.Build.0 = Release|Any CPU
	EndGlobalSection
	GlobalSection(SolutionProperties) = preSolution
		HideSolutionNode = FALSE
	EndGlobalSection
	GlobalSection(ExtensibilityGlobals) = postSolution
		SolutionGuid = {91FF9907-F6BC-49A0-BC79-24C9310EADC1}
	EndGlobalSection
EndGlobal
